{
  "version": 4,
  "terraform_version": "1.8.3",
  "serial": 13,
  "lineage": "72fcd241-576f-51e8-f492-4405df89cb49",
  "outputs": {
    "ip_address_jenkins": {
      "value": "64.176.172.233",
      "type": "string"
    }
  },
  "resources": [
    {
      "mode": "data",
      "type": "vultr_instance",
      "name": "jenkins",
      "provider": "provider[\"registry.terraform.io/vultr/vultr\"]",
      "instances": [
        {
          "schema_version": 0,
          "attributes": {
            "allowed_bandwidth": 1,
            "app_id": 0,
            "backups": "disabled",
            "backups_schedule": {
              "dom": "0",
              "dow": "0",
              "hour": "0",
              "type": ""
            },
            "date_created": "2024-05-28T09:56:08+00:00",
            "disk": 25,
            "features": [],
            "filter": [
              {
                "name": "label",
                "values": [
                  "jenkins-server"
                ]
              }
            ],
            "firewall_group_id": "",
            "gateway_v4": "64.176.172.1",
            "hostname": "jenkins",
            "id": "397d8b61-076d-4944-8e5a-e71307590a91",
            "image_id": "",
            "internal_ip": "",
            "kvm": "https://my.vultr.com/subs/vps/novnc/api.php?data=djJ8UnZJa1BQUmRxamUxNTFVYmZYOGl4bGRCRlFRdS1vSUh8Pa1foZjD1cmpsV0T706lQh3jn_3FMeuq8Xk7hwLukUcnakRaQOSMHPfB1A7VxtLRmeiD2tcqSzeJ1CRuUaF6yUx_sILqTePKXO45RJoD1ADOopxSCo8z53XPAGm5Hwz-RMRL-WQtf4Y6masuyjVynV4MwNlfxWlSAIu2HwdiTubMZ2xas3dI6GfhgAMbuOM",
            "label": "jenkins-server",
            "location": null,
            "main_ip": "64.176.172.233",
            "netmask_v4": "255.255.254.0",
            "os": "Ubuntu 22.04 x64",
            "os_id": 1743,
            "plan": "vc2-1c-1gb",
            "power_status": "running",
            "private_network_ids": [],
            "ram": 1024,
            "region": "tlv",
            "server_status": "installingbooting",
            "status": "active",
            "tags": [],
            "v6_main_ip": "",
            "v6_network": "",
            "v6_network_size": 0,
            "vcpu_count": 1,
            "vpc2_ids": [],
            "vpc_ids": []
          },
          "sensitive_attributes": []
        }
      ]
    },
    {
      "mode": "data",
      "type": "vultr_ssh_key",
      "name": "my_ssh_key",
      "provider": "provider[\"registry.terraform.io/vultr/vultr\"]",
      "instances": [
        {
          "schema_version": 0,
          "attributes": {
            "date_created": "2024-05-15T16:43:27+00:00",
            "filter": [
              {
                "name": "name",
                "values": [
                  "orel"
                ]
              }
            ],
            "id": "7dc61607-baf3-4b60-99f0-7991782c43b4",
            "name": "orel",
            "ssh_key": "ssh-ed25519 AAAAC3NzaC1lZDI1NTE5AAAAIGNP5NhO5ZXPI1ucKwNR6bMPOlCZ1ccsYGKvIazzD7gp orel20406080@gmail.com"
          },
          "sensitive_attributes": []
        }
      ]
    },
    {
      "mode": "data",
      "type": "vultr_startup_script",
      "name": "perpear",
      "provider": "provider[\"registry.terraform.io/vultr/vultr\"]",
      "instances": [
        {
          "schema_version": 0,
          "attributes": {
            "date_created": "2024-05-23T17:50:23+00:00",
            "date_modified": "2024-05-27T11:25:01+00:00",
            "filter": [
              {
                "name": "name",
                "values": [
                  "perpear"
                ]
              }
            ],
            "id": "4aec9a7f-af10-42b4-9f18-bf9e55e05c78",
            "name": "perpear",
            "script": "IyEvYmluL3NoCgphcHQgdXBkYXRlCgphcHQgaW5zdGFsbCAteSBvcGVuamRrLTE3LWpkawoKIAoKd2dldCAtTyAvdXNyL3NoYXJlL2tleXJpbmdzL2plbmtpbnMta2V5cmluZy5hc2MgXAoKICBodHRwczovL3BrZy5qZW5raW5zLmlvL2RlYmlhbi1zdGFibGUvamVua2lucy5pby0yMDIzLmtleQoKIAoKZWNobyAiZGViIFtzaWduZWQtYnk9L3Vzci9zaGFyZS9rZXlyaW5ncy9qZW5raW5zLWtleXJpbmcuYXNjXSIgXAoKICBodHRwczovL3BrZy5qZW5raW5zLmlvL2RlYmlhbi1zdGFibGUgYmluYXJ5LyB8IHRlZSBcCgogIC9ldGMvYXB0L3NvdXJjZXMubGlzdC5kL2plbmtpbnMubGlzdCA+IC9kZXYvbnVsbAoKIAoKYXB0LWdldCB1cGRhdGUKCmFwdC1nZXQgaW5zdGFsbCAteSBqZW5raW5zCgphcHQgaW5zdGFsbCAteSBnaXQKCmFwdCBpbnN0YWxsIC15IGRvY2tlci5pbwoKdWZ3IGFsbG93IDgwODAvdGNw",
            "type": "boot"
          },
          "sensitive_attributes": []
        }
      ]
    },
    {
      "mode": "managed",
      "type": "vultr_instance",
      "name": "jenkins",
      "provider": "provider[\"registry.terraform.io/vultr/vultr\"]",
      "instances": [
        {
          "schema_version": 0,
          "attributes": {
            "activation_email": null,
            "allowed_bandwidth": 1,
            "app_id": 0,
            "app_variables": null,
            "backups": "disabled",
            "backups_schedule": [],
            "date_created": "2024-05-28T09:56:08+00:00",
            "ddos_protection": false,
            "default_password": "3+vQSRy*]r89pyh_",
            "disable_public_ipv4": null,
            "disk": 25,
            "enable_ipv6": null,
            "features": [],
            "firewall_group_id": "",
            "gateway_v4": "64.176.172.1",
            "hostname": "jenkins",
            "id": "397d8b61-076d-4944-8e5a-e71307590a91",
            "image_id": null,
            "internal_ip": "",
            "iso_id": null,
            "kvm": "https://my.vultr.com/subs/vps/novnc/api.php?data=djJ8STdfV0RmNlZ4MmdRbVFrQWxvMTlUcXMwX3lHa0plOER8Yu905Qnemjbfx0oKnXSQXztH4M3NbmtxXQ01P8lK2D2l1XhM4N-yXdrtSguNslBCsghmXlV2PLsVW7XRgxziBJFH0FARJM8mlcTrD4QONxORQIogsXqmXoqzzJDbzYBB2K2FnUaZcoVKNulBwTcdR5a9jjq5_Y__ZJ4rtkMDsRv4qJ3b4mwZVMJhUs5HejkgiHwFhYdx6QM5HaEF7jeNtg",
            "label": "jenkins-server",
            "main_ip": "64.176.172.233",
            "netmask_v4": "255.255.254.0",
            "os": "Ubuntu 22.04 x64",
            "os_id": 1743,
            "plan": "vc2-1c-1gb",
            "power_status": "running",
            "private_network_ids": [],
            "ram": 1024,
            "region": "tlv",
            "reserved_ip_id": null,
            "script_id": "4aec9a7f-af10-42b4-9f18-bf9e55e05c78",
            "server_status": "installingbooting",
            "snapshot_id": null,
            "ssh_key_ids": [
              "7dc61607-baf3-4b60-99f0-7991782c43b4"
            ],
            "status": "active",
            "tags": [],
            "timeouts": null,
            "user_data": "#cloud-config\nruncmd:\n- apt update\n- apt install -y openjdk-17-jdk\n- sudo wget -O /usr/share/keyrings/jenkins-keyring.asc https://pkg.jenkins.io/debian-stable/jenkins.io-2023.key\n- echo \"deb [signed-by=/usr/share/keyrings/jenkins-keyring.asc]\" https://pkg.jenkins.io/debian-stable binary/ | tee /etc/apt/sources.list.d/jenkins.list \u003e /dev/null\n- apt-get update\n- apt-get install -y jenkins\n- apt install -y git\n- apt install -y docker.io\n- ufw allow 8080/tcp",
            "v6_main_ip": "",
            "v6_network": "",
            "v6_network_size": 0,
            "vcpu_count": 1,
            "vpc2_ids": null,
            "vpc_ids": []
          },
          "sensitive_attributes": [
            [
              {
                "type": "get_attr",
                "value": "default_password"
              }
            ]
          ],
          "private": "eyJlMmJmYjczMC1lY2FhLTExZTYtOGY4OC0zNDM2M2JjN2M0YzAiOnsiY3JlYXRlIjozNjAwMDAwMDAwMDAwLCJ1cGRhdGUiOjM2MDAwMDAwMDAwMDB9fQ==",
          "dependencies": [
            "data.vultr_ssh_key.my_ssh_key",
            "data.vultr_startup_script.perpear"
          ]
        }
      ]
    }
  ],
  "check_results": null
}
