{
  "version": 4,
  "terraform_version": "1.8.3",
  "serial": 15,
  "lineage": "72fcd241-576f-51e8-f492-4405df89cb49",
  "outputs": {},
  "resources": [
    {
      "mode": "data",
      "type": "vultr_startup_script",
      "name": "perpear",
      "provider": "provider[\"registry.terraform.io/vultr/vultr\"]",
      "instances": [
        {
          "schema_version": 0,
          "attributes": {
            "date_created": "2024-05-23T17:50:23+00:00",
            "date_modified": "2024-05-27T11:25:01+00:00",
            "filter": [
              {
                "name": "name",
                "values": [
                  "perpear"
                ]
              }
            ],
            "id": "4aec9a7f-af10-42b4-9f18-bf9e55e05c78",
            "name": "perpear",
            "script": "IyEvYmluL3NoCgphcHQgdXBkYXRlCgphcHQgaW5zdGFsbCAteSBvcGVuamRrLTE3LWpkawoKIAoKd2dldCAtTyAvdXNyL3NoYXJlL2tleXJpbmdzL2plbmtpbnMta2V5cmluZy5hc2MgXAoKICBodHRwczovL3BrZy5qZW5raW5zLmlvL2RlYmlhbi1zdGFibGUvamVua2lucy5pby0yMDIzLmtleQoKIAoKZWNobyAiZGViIFtzaWduZWQtYnk9L3Vzci9zaGFyZS9rZXlyaW5ncy9qZW5raW5zLWtleXJpbmcuYXNjXSIgXAoKICBodHRwczovL3BrZy5qZW5raW5zLmlvL2RlYmlhbi1zdGFibGUgYmluYXJ5LyB8IHRlZSBcCgogIC9ldGMvYXB0L3NvdXJjZXMubGlzdC5kL2plbmtpbnMubGlzdCA+IC9kZXYvbnVsbAoKIAoKYXB0LWdldCB1cGRhdGUKCmFwdC1nZXQgaW5zdGFsbCAteSBqZW5raW5zCgphcHQgaW5zdGFsbCAteSBnaXQKCmFwdCBpbnN0YWxsIC15IGRvY2tlci5pbwoKdWZ3IGFsbG93IDgwODAvdGNw",
            "type": "boot"
          },
          "sensitive_attributes": []
        }
      ]
    },
    {
      "mode": "managed",
      "type": "vultr_instance",
      "name": "jenkins",
      "provider": "provider[\"registry.terraform.io/vultr/vultr\"]",
      "instances": [
        {
          "schema_version": 0,
          "attributes": {
            "activation_email": null,
            "allowed_bandwidth": 1,
            "app_id": 0,
            "app_variables": null,
            "backups": "disabled",
            "backups_schedule": [],
            "date_created": "2024-06-03T19:39:20+00:00",
            "ddos_protection": false,
            "default_password": "3{GvPbJ$GHm68_s$",
            "disable_public_ipv4": null,
            "disk": 25,
            "enable_ipv6": null,
            "features": [],
            "firewall_group_id": "",
            "gateway_v4": "64.176.170.1",
            "hostname": "jenkins",
            "id": "1794c70b-b361-46a4-9f85-7ddba690d4a5",
            "image_id": null,
            "internal_ip": "",
            "iso_id": null,
            "kvm": "https://my.vultr.com/subs/vps/novnc/api.php?data=djJ8YTl4aUI3d1JHbVF0UGdtTVlubTlHOHUtQS1HVXRwVUN8AzgPm60hAyIAHDTKdbCkBEQxsJ-pyOB3VPJN4Ejq48KRzJy9NCkCB_14luZr5Y7tIPptzC0pDuA3priL6XeNT3ZgJXuAtqAOlPAhHSYRXW3zlJB_RlSIZzeluhHjDWtu0EKu0vjALSWaUGCG8ruK6J0KP2hGTxaT-W4mpo-Zto9xiBl6HkMEcUns8mgw7FXhLiU91lvIVsyCDQjdLevZaA",
            "label": "jenkins-server",
            "main_ip": "64.176.171.246",
            "netmask_v4": "255.255.254.0",
            "os": "Ubuntu 22.04 x64",
            "os_id": 1743,
            "plan": "vc2-1c-1gb",
            "power_status": "running",
            "private_network_ids": [],
            "ram": 1024,
            "region": "tlv",
            "reserved_ip_id": null,
            "script_id": "4aec9a7f-af10-42b4-9f18-bf9e55e05c78",
            "server_status": "installingbooting",
            "snapshot_id": null,
            "ssh_key_ids": null,
            "status": "active",
            "tags": null,
            "timeouts": null,
            "user_data": "#cloud-config\nruncmd:\n- apt update\n- apt install -y openjdk-17-jdk\n- sudo wget -O /usr/share/keyrings/jenkins-keyring.asc https://pkg.jenkins.io/debian-stable/jenkins.io-2023.key\n- echo \"deb [signed-by=/usr/share/keyrings/jenkins-keyring.asc]\" https://pkg.jenkins.io/debian-stable binary/ | tee /etc/apt/sources.list.d/jenkins.list \u003e /dev/null\n- apt-get update\n- apt-get install -y jenkins\n- apt install -y git\n- apt install -y docker.io\n- ufw allow 8080/tcp",
            "v6_main_ip": "",
            "v6_network": "",
            "v6_network_size": 0,
            "vcpu_count": 1,
            "vpc2_ids": null,
            "vpc_ids": []
          },
          "sensitive_attributes": [
            [
              {
                "type": "get_attr",
                "value": "default_password"
              }
            ]
          ],
          "private": "eyJlMmJmYjczMC1lY2FhLTExZTYtOGY4OC0zNDM2M2JjN2M0YzAiOnsiY3JlYXRlIjozNjAwMDAwMDAwMDAwLCJ1cGRhdGUiOjM2MDAwMDAwMDAwMDB9fQ==",
          "dependencies": [
            "data.vultr_startup_script.perpear"
          ]
        }
      ]
    }
  ],
  "check_results": null
}
